
Microsoft Visual Studio Solution File, Format Version 12.00
# Visual Studio Version 16
VisualStudioVersion = 16.0.29025.244
MinimumVisualStudioVersion = 10.0.40219.1
Project("{E24C65DC-7377-472B-9ABA-BC803B73C61A}") = "Bolge(3)", "Bolge\", "{B48E4555-B054-49CD-9005-620709AC569C}"
	ProjectSection(WebsiteProperties) = preProject
		TargetFrameworkMoniker = ".NETFramework,Version%3Dv4.5"
		Debug.AspNetCompiler.VirtualPath = "/localhost_61777"
		Debug.AspNetCompiler.PhysicalPath = "..\..\..\Desktop\Bolge\Bolge\"
		Debug.AspNetCompiler.TargetPath = "PrecompiledWeb\localhost_61777\"
		Debug.AspNetCompiler.Updateable = "true"
		Debug.AspNetCompiler.ForceOverwrite = "true"
		Debug.AspNetCompiler.FixedNames = "false"
		Debug.AspNetCompiler.Debug = "True"
		Release.AspNetCompiler.VirtualPath = "/localhost_61777"
		Release.AspNetCompiler.PhysicalPath = "..\..\..\Desktop\Bolge\Bolge\"
		Release.AspNetCompiler.TargetPath = "PrecompiledWeb\localhost_61777\"
		Release.AspNetCompiler.Updateable = "true"
		Release.AspNetCompiler.ForceOverwrite = "true"
		Release.AspNetCompiler.FixedNames = "false"
		Release.AspNetCompiler.Debug = "False"
		VWDPort = "61777"
	EndProjectSection
EndProject
Global
	GlobalSection(SolutionConfigurationPlatforms) = preSolution
		Debug|Any CPU = Debug|Any CPU
	EndGlobalSection
	GlobalSection(ProjectConfigurationPlatforms) = postSolution
		{B48E4555-B054-49CD-9005-620709AC569C}.Debug|Any CPU.ActiveCfg = Debug|Any CPU
		{B48E4555-B054-49CD-9005-620709AC569C}.Debug|Any CPU.Build.0 = Debug|Any CPU
	EndGlobalSection
	GlobalSection(SolutionProperties) = preSolution
		HideSolutionNode = FALSE
	EndGlobalSection
	GlobalSection(ExtensibilityGlobals) = postSolution
		SolutionGuid = {A01B33B3-5BD8-4621-88F1-4828636EC66D}
	EndGlobalSection
EndGlobal
